
Microsoft Visual Studio Solution File, Format Version 12.00
# Visual Studio 15
VisualStudioVersion = 15.0.28307.329
MinimumVisualStudioVersion = 10.0.40219.1
Project("{8BC9CEB8-8B4A-11D0-8D11-00A0C91BC942}") = "HW5_Training", "HW5_Training\HW5_Training.vcxproj", "{63C4706C-3D8E-49EA-BBAD-C2BE66D02712}"
EndProject
Global
	GlobalSection(SolutionConfigurationPlatforms) = preSolution
		Debug|x64 = Debug|x64
		Debug|x86 = Debug|x86
		Release|x64 = Release|x64
		Release|x86 = Release|x86
	EndGlobalSection
	GlobalSection(ProjectConfigurationPlatforms) = postSolution
		{63C4706C-3D8E-49EA-BBAD-C2BE66D02712}.Debug|x64.ActiveCfg = Debug|x64
		{63C4706C-3D8E-49EA-BBAD-C2BE66D02712}.Debug|x64.Build.0 = Debug|x64
		{63C4706C-3D8E-49EA-BBAD-C2BE66D02712}.Debug|x86.ActiveCfg = Debug|Win32
		{63C4706C-3D8E-49EA-BBAD-C2BE66D02712}.Debug|x86.Build.0 = Debug|Win32
		{63C4706C-3D8E-49EA-BBAD-C2BE66D02712}.Release|x64.ActiveCfg = Release|x64
		{63C4706C-3D8E-49EA-BBAD-C2BE66D02712}.Release|x64.Build.0 = Release|x64
		{63C4706C-3D8E-49EA-BBAD-C2BE66D02712}.Release|x86.ActiveCfg = Release|Win32
		{63C4706C-3D8E-49EA-BBAD-C2BE66D02712}.Release|x86.Build.0 = Release|Win32
	EndGlobalSection
	GlobalSection(SolutionProperties) = preSolution
		HideSolutionNode = FALSE
	EndGlobalSection
	GlobalSection(ExtensibilityGlobals) = postSolution
		SolutionGuid = {C5D2589C-EB2D-4A11-B9F3-D27D77248208}
	EndGlobalSection
EndGlobal
