
Microsoft Visual Studio Solution File, Format Version 12.00
# Visual Studio 15
VisualStudioVersion = 15.0.28307.329
MinimumVisualStudioVersion = 10.0.40219.1
Project("{FAE04EC0-301F-11D3-BF4B-00C04F79EFBC}") = "HW5_Machine", "HW5_Machine\HW5_Machine.csproj", "{90E52DDB-5E3A-495A-9064-FEC210BA88D5}"
EndProject
Global
	GlobalSection(SolutionConfigurationPlatforms) = preSolution
		Debug|Any CPU = Debug|Any CPU
		Release|Any CPU = Release|Any CPU
	EndGlobalSection
	GlobalSection(ProjectConfigurationPlatforms) = postSolution
		{90E52DDB-5E3A-495A-9064-FEC210BA88D5}.Debug|Any CPU.ActiveCfg = Debug|Any CPU
		{90E52DDB-5E3A-495A-9064-FEC210BA88D5}.Debug|Any CPU.Build.0 = Debug|Any CPU
		{90E52DDB-5E3A-495A-9064-FEC210BA88D5}.Release|Any CPU.ActiveCfg = Release|Any CPU
		{90E52DDB-5E3A-495A-9064-FEC210BA88D5}.Release|Any CPU.Build.0 = Release|Any CPU
	EndGlobalSection
	GlobalSection(SolutionProperties) = preSolution
		HideSolutionNode = FALSE
	EndGlobalSection
	GlobalSection(ExtensibilityGlobals) = postSolution
		SolutionGuid = {11172A18-7CCF-480E-82A6-EA6932D82419}
	EndGlobalSection
EndGlobal
